// !$*UTF8*$!
{
	archiveVersion = 1;
	classes = {
	};
	objectVersion = 77;
	objects = {

/* Begin PBXBuildFile section */
		058439582EC0CECB00331DF1 /* Alamofire in Frameworks */ = {isa = PBXBuildFile; productRef = 058439572EC0CECB00331DF1 /* Alamofire */; };
		058439652EC0E9A000331DF1 /* RxCocoa in Frameworks */ = {isa = PBXBuildFile; productRef = 058439642EC0E9A000331DF1 /* RxCocoa */; };
		058439672EC0E9A000331DF1 /* RxRelay in Frameworks */ = {isa = PBXBuildFile; productRef = 058439662EC0E9A000331DF1 /* RxRelay */; };
		058439692EC0E9A000331DF1 /* RxSwift in Frameworks */ = {isa = PBXBuildFile; productRef = 058439682EC0E9A000331DF1 /* RxSwift */; };
		0584396C2EC2431B00331DF1 /* SDWebImage in Frameworks */ = {isa = PBXBuildFile; productRef = 0584396B2EC2431B00331DF1 /* SDWebImage */; };
/* End PBXBuildFile section */

/* Begin PBXContainerItemProxy section */
		058438C32EBE14A900331DF1 /* PBXContainerItemProxy */ = {
			isa = PBXContainerItemProxy;
			containerPortal = 058438A42EBE14A700331DF1 /* Project object */;
			proxyType = 1;
			remoteGlobalIDString = 058438AB2EBE14A700331DF1;
			remoteInfo = LayarTancep;
		};
		058438CD2EBE14A900331DF1 /* PBXContainerItemProxy */ = {
			isa = PBXContainerItemProxy;
			containerPortal = 058438A42EBE14A700331DF1 /* Project object */;
			proxyType = 1;
			remoteGlobalIDString = 058438AB2EBE14A700331DF1;
			remoteInfo = LayarTancep;
		};
/* End PBXContainerItemProxy section */

/* Begin PBXFileReference section */
		058438AC2EBE14A700331DF1 /* LayarTancep.app */ = {isa = PBXFileReference; explicitFileType = wrapper.application; includeInIndex = 0; path = LayarTancep.app; sourceTree = BUILT_PRODUCTS_DIR; };
		058438C22EBE14A900331DF1 /* LayarTancepTests.xctest */ = {isa = PBXFileReference; explicitFileType = wrapper.cfbundle; includeInIndex = 0; path = LayarTancepTests.xctest; sourceTree = BUILT_PRODUCTS_DIR; };
		058438CC2EBE14A900331DF1 /* LayarTancepUITests.xctest */ = {isa = PBXFileReference; explicitFileType = wrapper.cfbundle; includeInIndex = 0; path = LayarTancepUITests.xctest; sourceTree = BUILT_PRODUCTS_DIR; };
/* End PBXFileReference section */

/* Begin PBXFileSystemSynchronizedBuildFileExceptionSet section */
		058438D42EBE14A900331DF1 /* Exceptions for "LayarTancep" folder in "LayarTancep" target */ = {
			isa = PBXFileSystemSynchronizedBuildFileExceptionSet;
			membershipExceptions = (
				Info.plist,
			);
			target = 058438AB2EBE14A700331DF1 /* LayarTancep */;
		};
/* End PBXFileSystemSynchronizedBuildFileExceptionSet section */

/* Begin PBXFileSystemSynchronizedRootGroup section */
		058438AE2EBE14A700331DF1 /* LayarTancep */ = {
			isa = PBXFileSystemSynchronizedRootGroup;
			exceptions = (
				058438D42EBE14A900331DF1 /* Exceptions for "LayarTancep" folder in "LayarTancep" target */,
			);
			path = LayarTancep;
			sourceTree = "<group>";
		};
		058438C52EBE14A900331DF1 /* LayarTancepTests */ = {
			isa = PBXFileSystemSynchronizedRootGroup;
			path = LayarTancepTests;
			sourceTree = "<group>";
		};
		058438CF2EBE14A900331DF1 /* LayarTancepUITests */ = {
			isa = PBXFileSystemSynchronizedRootGroup;
			path = LayarTancepUITests;
			sourceTree = "<group>";
		};
/* End PBXFileSystemSynchronizedRootGroup section */

/* Begin PBXFrameworksBuildPhase section */
		058438A92EBE14A700331DF1 /* Frameworks */ = {
			isa = PBXFrameworksBuildPhase;
			buildActionMask = 2147483647;
			files = (
				058439672EC0E9A000331DF1 /* RxRelay in Frameworks */,
				058439652EC0E9A000331DF1 /* RxCocoa in Frameworks */,
				058439692EC0E9A000331DF1 /* RxSwift in Frameworks */,
				058439582EC0CECB00331DF1 /* Alamofire in Frameworks */,
				0584396C2EC2431B00331DF1 /* SDWebImage in Frameworks */,
			);
			runOnlyForDeploymentPostprocessing = 0;
		};
		058438BF2EBE14A900331DF1 /* Frameworks */ = {
			isa = PBXFrameworksBuildPhase;
			buildActionMask = 2147483647;
			files = (
			);
			runOnlyForDeploymentPostprocessing = 0;
		};
		058438C92EBE14A900331DF1 /* Frameworks */ = {
			isa = PBXFrameworksBuildPhase;
			buildActionMask = 2147483647;
			files = (
			);
			runOnlyForDeploymentPostprocessing = 0;
		};
/* End PBXFrameworksBuildPhase section */

/* Begin PBXGroup section */
		058438A32EBE14A700331DF1 = {
			isa = PBXGroup;
			children = (
				058438AE2EBE14A700331DF1 /* LayarTancep */,
				058438C52EBE14A900331DF1 /* LayarTancepTests */,
				058438CF2EBE14A900331DF1 /* LayarTancepUITests */,
				058439272EC0CB8900331DF1 /* Frameworks */,
				058438AD2EBE14A700331DF1 /* Products */,
			);
			sourceTree = "<group>";
		};
		058438AD2EBE14A700331DF1 /* Products */ = {
			isa = PBXGroup;
			children = (
				058438AC2EBE14A700331DF1 /* LayarTancep.app */,
				058438C22EBE14A900331DF1 /* LayarTancepTests.xctest */,
				058438CC2EBE14A900331DF1 /* LayarTancepUITests.xctest */,
			);
			name = Products;
			sourceTree = "<group>";
		};
		058439272EC0CB8900331DF1 /* Frameworks */ = {
			isa = PBXGroup;
			children = (
			);
			name = Frameworks;
			sourceTree = "<group>";
		};
/* End PBXGroup section */

/* Begin PBXNativeTarget section */
		058438AB2EBE14A700331DF1 /* LayarTancep */ = {
			isa = PBXNativeTarget;
			buildConfigurationList = 058438D52EBE14A900331DF1 /* Build configuration list for PBXNativeTarget "LayarTancep" */;
			buildPhases = (
				058438A82EBE14A700331DF1 /* Sources */,
				058438A92EBE14A700331DF1 /* Frameworks */,
				058438AA2EBE14A700331DF1 /* Resources */,
			);
			buildRules = (
			);
			dependencies = (
			);
			fileSystemSynchronizedGroups = (
				058438AE2EBE14A700331DF1 /* LayarTancep */,
			);
			name = LayarTancep;
			packageProductDependencies = (
				058439572EC0CECB00331DF1 /* Alamofire */,
				058439642EC0E9A000331DF1 /* RxCocoa */,
				058439662EC0E9A000331DF1 /* RxRelay */,
				058439682EC0E9A000331DF1 /* RxSwift */,
				0584396B2EC2431B00331DF1 /* SDWebImage */,
			);
			productName = LayarTancep;
			productReference = 058438AC2EBE14A700331DF1 /* LayarTancep.app */;
			productType = "com.apple.product-type.application";
		};
		058438C12EBE14A900331DF1 /* LayarTancepTests */ = {
			isa = PBXNativeTarget;
			buildConfigurationList = 058438DA2EBE14A900331DF1 /* Build configuration list for PBXNativeTarget "LayarTancepTests" */;
			buildPhases = (
				058438BE2EBE14A900331DF1 /* Sources */,
				058438BF2EBE14A900331DF1 /* Frameworks */,
				058438C02EBE14A900331DF1 /* Resources */,
			);
			buildRules = (
			);
			dependencies = (
				058438C42EBE14A900331DF1 /* PBXTargetDependency */,
			);
			fileSystemSynchronizedGroups = (
				058438C52EBE14A900331DF1 /* LayarTancepTests */,
			);
			name = LayarTancepTests;
			packageProductDependencies = (
			);
			productName = LayarTancepTests;
			productReference = 058438C22EBE14A900331DF1 /* LayarTancepTests.xctest */;
			productType = "com.apple.product-type.bundle.unit-test";
		};
		058438CB2EBE14A900331DF1 /* LayarTancepUITests */ = {
			isa = PBXNativeTarget;
			buildConfigurationList = 058438DD2EBE14A900331DF1 /* Build configuration list for PBXNativeTarget "LayarTancepUITests" */;
			buildPhases = (
				058438C82EBE14A900331DF1 /* Sources */,
				058438C92EBE14A900331DF1 /* Frameworks */,
				058438CA2EBE14A900331DF1 /* Resources */,
			);
			buildRules = (
			);
			dependencies = (
				058438CE2EBE14A900331DF1 /* PBXTargetDependency */,
			);
			fileSystemSynchronizedGroups = (
				058438CF2EBE14A900331DF1 /* LayarTancepUITests */,
			);
			name = LayarTancepUITests;
			packageProductDependencies = (
			);
			productName = LayarTancepUITests;
			productReference = 058438CC2EBE14A900331DF1 /* LayarTancepUITests.xctest */;
			productType = "com.apple.product-type.bundle.ui-testing";
		};
/* End PBXNativeTarget section */

/* Begin PBXProject section */
		058438A42EBE14A700331DF1 /* Project object */ = {
			isa = PBXProject;
			attributes = {
				BuildIndependentTargetsInParallel = 1;
				LastSwiftUpdateCheck = 1640;
				LastUpgradeCheck = 1640;
				TargetAttributes = {
					058438AB2EBE14A700331DF1 = {
						CreatedOnToolsVersion = 16.4;
					};
					058438C12EBE14A900331DF1 = {
						CreatedOnToolsVersion = 16.4;
						TestTargetID = 058438AB2EBE14A700331DF1;
					};
					058438CB2EBE14A900331DF1 = {
						CreatedOnToolsVersion = 16.4;
						TestTargetID = 058438AB2EBE14A700331DF1;
					};
				};
			};
			buildConfigurationList = 058438A72EBE14A700331DF1 /* Build configuration list for PBXProject "LayarTancep" */;
			developmentRegion = en;
			hasScannedForEncodings = 0;
			knownRegions = (
				en,
				Base,
			);
			mainGroup = 058438A32EBE14A700331DF1;
			minimizedProjectReferenceProxies = 1;
			packageReferences = (
				058439562EC0CEB600331DF1 /* XCRemoteSwiftPackageReference "Alamofire" */,
				058439632EC0E98100331DF1 /* XCRemoteSwiftPackageReference "RxSwift" */,
				0584396A2EC2430200331DF1 /* XCRemoteSwiftPackageReference "SDWebImage" */,
			);
			preferredProjectObjectVersion = 77;
			productRefGroup = 058438AD2EBE14A700331DF1 /* Products */;
			projectDirPath = "";
			projectRoot = "";
			targets = (
				058438AB2EBE14A700331DF1 /* LayarTancep */,
				058438C12EBE14A900331DF1 /* LayarTancepTests */,
				058438CB2EBE14A900331DF1 /* LayarTancepUITests */,
			);
		};
/* End PBXProject section */

/* Begin PBXResourcesBuildPhase section */
		058438AA2EBE14A700331DF1 /* Resources */ = {
			isa = PBXResourcesBuildPhase;
			buildActionMask = 2147483647;
			files = (
			);
			runOnlyForDeploymentPostprocessing = 0;
		};
		058438C02EBE14A900331DF1 /* Resources */ = {
			isa = PBXResourcesBuildPhase;
			buildActionMask = 2147483647;
			files = (
			);
			runOnlyForDeploymentPostprocessing = 0;
		};
		058438CA2EBE14A900331DF1 /* Resources */ = {
			isa = PBXResourcesBuildPhase;
			buildActionMask = 2147483647;
			files = (
			);
			runOnlyForDeploymentPostprocessing = 0;
		};
/* End PBXResourcesBuildPhase section */

/* Begin PBXSourcesBuildPhase section */
		058438A82EBE14A700331DF1 /* Sources */ = {
			isa = PBXSourcesBuildPhase;
			buildActionMask = 2147483647;
			files = (
			);
			runOnlyForDeploymentPostprocessing = 0;
		};
		058438BE2EBE14A900331DF1 /* Sources */ = {
			isa = PBXSourcesBuildPhase;
			buildActionMask = 2147483647;
			files = (
			);
			runOnlyForDeploymentPostprocessing = 0;
		};
		058438C82EBE14A900331DF1 /* Sources */ = {
			isa = PBXSourcesBuildPhase;
			buildActionMask = 2147483647;
			files = (
			);
			runOnlyForDeploymentPostprocessing = 0;
		};
/* End PBXSourcesBuildPhase section */

/* Begin PBXTargetDependency section */
		058438C42EBE14A900331DF1 /* PBXTargetDependency */ = {
			isa = PBXTargetDependency;
			target = 058438AB2EBE14A700331DF1 /* LayarTancep */;
			targetProxy = 058438C32EBE14A900331DF1 /* PBXContainerItemProxy */;
		};
		058438CE2EBE14A900331DF1 /* PBXTargetDependency */ = {
			isa = PBXTargetDependency;
			target = 058438AB2EBE14A700331DF1 /* LayarTancep */;
			targetProxy = 058438CD2EBE14A900331DF1 /* PBXContainerItemProxy */;
		};
/* End PBXTargetDependency section */

/* Begin XCBuildConfiguration section */
		058438D62EBE14A900331DF1 /* Debug */ = {
			isa = XCBuildConfiguration;
			buildSettings = {
				ASSETCATALOG_COMPILER_APPICON_NAME = AppIcon;
				ASSETCATALOG_COMPILER_GLOBAL_ACCENT_COLOR_NAME = AccentColor;
				CODE_SIGN_STYLE = Automatic;
				CURRENT_PROJECT_VERSION = 1;
				GENERATE_INFOPLIST_FILE = YES;
				INFOPLIST_FILE = LayarTancep/Info.plist;
				INFOPLIST_KEY_UIApplicationSupportsIndirectInputEvents = YES;
				INFOPLIST_KEY_UILaunchStoryboardName = LaunchScreen;
				INFOPLIST_KEY_UIMainStoryboardFile = Main;
				INFOPLIST_KEY_UISupportedInterfaceOrientations_iPad = "UIInterfaceOrientationPortrait UIInterfaceOrientationPortraitUpsideDown UIInterfaceOrientationLandscapeLeft UIInterfaceOrientationLandscapeRight";
				INFOPLIST_KEY_UISupportedInterfaceOrientations_iPhone = "UIInterfaceOrientationPortrait UIInterfaceOrientationLandscapeLeft UIInterfaceOrientationLandscapeRight";
				IPHONEOS_DEPLOYMENT_TARGET = 15.6;
				LD_RUNPATH_SEARCH_PATHS = (
					"$(inherited)",
					"@executable_path/Frameworks",
				);
				MARKETING_VERSION = 1.0;
				PRODUCT_BUNDLE_IDENTIFIER = LayarTancep.LayarTancep;
				PRODUCT_NAME = "$(TARGET_NAME)";
				SWIFT_EMIT_LOC_STRINGS = YES;
				SWIFT_VERSION = 5.0;
				TARGETED_DEVICE_FAMILY = "1,2";
			};
			name = Debug;
		};
		058438D72EBE14A900331DF1 /* Release */ = {
			isa = XCBuildConfiguration;
			buildSettings = {
				ASSETCATALOG_COMPILER_APPICON_NAME = AppIcon;
				ASSETCATALOG_COMPILER_GLOBAL_ACCENT_COLOR_NAME = AccentColor;
				CODE_SIGN_STYLE = Automatic;
				CURRENT_PROJECT_VERSION = 1;
				GENERATE_INFOPLIST_FILE = YES;
				INFOPLIST_FILE = LayarTancep/Info.plist;
				INFOPLIST_KEY_UIApplicationSupportsIndirectInputEvents = YES;
				INFOPLIST_KEY_UILaunchStoryboardName = LaunchScreen;
				INFOPLIST_KEY_UIMainStoryboardFile = Main;
				INFOPLIST_KEY_UISupportedInterfaceOrientations_iPad = "UIInterfaceOrientationPortrait UIInterfaceOrientationPortraitUpsideDown UIInterfaceOrientationLandscapeLeft UIInterfaceOrientationLandscapeRight";
				INFOPLIST_KEY_UISupportedInterfaceOrientations_iPhone = "UIInterfaceOrientationPortrait UIInterfaceOrientationLandscapeLeft UIInterfaceOrientationLandscapeRight";
				IPHONEOS_DEPLOYMENT_TARGET = 15.6;
				LD_RUNPATH_SEARCH_PATHS = (
					"$(inherited)",
					"@executable_path/Frameworks",
				);
				MARKETING_VERSION = 1.0;
				PRODUCT_BUNDLE_IDENTIFIER = LayarTancep.LayarTancep;
				PRODUCT_NAME = "$(TARGET_NAME)";
				SWIFT_EMIT_LOC_STRINGS = YES;
				SWIFT_VERSION = 5.0;
				TARGETED_DEVICE_FAMILY = "1,2";
			};
			name = Release;
		};
		058438D82EBE14A900331DF1 /* Debug */ = {
			isa = XCBuildConfiguration;
			buildSettings = {
				ALWAYS_SEARCH_USER_PATHS = NO;
				ASSETCATALOG_COMPILER_GENERATE_SWIFT_ASSET_SYMBOL_EXTENSIONS = YES;
				CLANG_ANALYZER_NONNULL = YES;
				CLANG_ANALYZER_NUMBER_OBJECT_CONVERSION = YES_AGGRESSIVE;
				CLANG_CXX_LANGUAGE_STANDARD = "gnu++20";
				CLANG_ENABLE_MODULES = YES;
				CLANG_ENABLE_OBJC_ARC = YES;
				CLANG_ENABLE_OBJC_WEAK = YES;
				CLANG_WARN_BLOCK_CAPTURE_AUTORELEASING = YES;
				CLANG_WARN_BOOL_CONVERSION = YES;
				CLANG_WARN_COMMA = YES;
				CLANG_WARN_CONSTANT_CONVERSION = YES;
				CLANG_WARN_DEPRECATED_OBJC_IMPLEMENTATIONS = YES;
				CLANG_WARN_DIRECT_OBJC_ISA_USAGE = YES_ERROR;
				CLANG_WARN_DOCUMENTATION_COMMENTS = YES;
				CLANG_WARN_EMPTY_BODY = YES;
				CLANG_WARN_ENUM_CONVERSION = YES;
				CLANG_WARN_INFINITE_RECURSION = YES;
				CLANG_WARN_INT_CONVERSION = YES;
				CLANG_WARN_NON_LITERAL_NULL_CONVERSION = YES;
				CLANG_WARN_OBJC_IMPLICIT_RETAIN_SELF = YES;
				CLANG_WARN_OBJC_LITERAL_CONVERSION = YES;
				CLANG_WARN_OBJC_ROOT_CLASS = YES_ERROR;
				CLANG_WARN_QUOTED_INCLUDE_IN_FRAMEWORK_HEADER = YES;
				CLANG_WARN_RANGE_LOOP_ANALYSIS = YES;
				CLANG_WARN_STRICT_PROTOTYPES = YES;
				CLANG_WARN_SUSPICIOUS_MOVE = YES;
				CLANG_WARN_UNGUARDED_AVAILABILITY = YES_AGGRESSIVE;
				CLANG_WARN_UNREACHABLE_CODE = YES;
				CLANG_WARN__DUPLICATE_METHOD_MATCH = YES;
				COPY_PHASE_STRIP = NO;
				DEBUG_INFORMATION_FORMAT = dwarf;
				ENABLE_STRICT_OBJC_MSGSEND = YES;
				ENABLE_TESTABILITY = YES;
				ENABLE_USER_SCRIPT_SANDBOXING = YES;
				GCC_C_LANGUAGE_STANDARD = gnu17;
				GCC_DYNAMIC_NO_PIC = NO;
				GCC_NO_COMMON_BLOCKS = YES;
				GCC_OPTIMIZATION_LEVEL = 0;
				GCC_PREPROCESSOR_DEFINITIONS = (
					"DEBUG=1",
					"$(inherited)",
				);
				GCC_WARN_64_TO_32_BIT_CONVERSION = YES;
				GCC_WARN_ABOUT_RETURN_TYPE = YES_ERROR;
				GCC_WARN_UNDECLARED_SELECTOR = YES;
				GCC_WARN_UNINITIALIZED_AUTOS = YES_AGGRESSIVE;
				GCC_WARN_UNUSED_FUNCTION = YES;
				GCC_WARN_UNUSED_VARIABLE = YES;
				IPHONEOS_DEPLOYMENT_TARGET = 18.5;
				LOCALIZATION_PREFERS_STRING_CATALOGS = YES;
				MTL_ENABLE_DEBUG_INFO = INCLUDE_SOURCE;
				MTL_FAST_MATH = YES;
				ONLY_ACTIVE_ARCH = YES;
				SDKROOT = iphoneos;
				SWIFT_ACTIVE_COMPILATION_CONDITIONS = "DEBUG $(inherited)";
				SWIFT_OPTIMIZATION_LEVEL = "-Onone";
			};
			name = Debug;
		};
		058438D92EBE14A900331DF1 /* Release */ = {
			isa = XCBuildConfiguration;
			buildSettings = {
				ALWAYS_SEARCH_USER_PATHS = NO;
				ASSETCATALOG_COMPILER_GENERATE_SWIFT_ASSET_SYMBOL_EXTENSIONS = YES;
				CLANG_ANALYZER_NONNULL = YES;
				CLANG_ANALYZER_NUMBER_OBJECT_CONVERSION = YES_AGGRESSIVE;
				CLANG_CXX_LANGUAGE_STANDARD = "gnu++20";
				CLANG_ENABLE_MODULES = YES;
				CLANG_ENABLE_OBJC_ARC = YES;
				CLANG_ENABLE_OBJC_WEAK = YES;
				CLANG_WARN_BLOCK_CAPTURE_AUTORELEASING = YES;
				CLANG_WARN_BOOL_CONVERSION = YES;
				CLANG_WARN_COMMA = YES;
				CLANG_WARN_CONSTANT_CONVERSION = YES;
				CLANG_WARN_DEPRECATED_OBJC_IMPLEMENTATIONS = YES;
				CLANG_WARN_DIRECT_OBJC_ISA_USAGE = YES_ERROR;
				CLANG_WARN_DOCUMENTATION_COMMENTS = YES;
				CLANG_WARN_EMPTY_BODY = YES;
				CLANG_WARN_ENUM_CONVERSION = YES;
				CLANG_WARN_INFINITE_RECURSION = YES;
				CLANG_WARN_INT_CONVERSION = YES;
				CLANG_WARN_NON_LITERAL_NULL_CONVERSION = YES;
				CLANG_WARN_OBJC_IMPLICIT_RETAIN_SELF = YES;
				CLANG_WARN_OBJC_LITERAL_CONVERSION = YES;
				CLANG_WARN_OBJC_ROOT_CLASS = YES_ERROR;
				CLANG_WARN_QUOTED_INCLUDE_IN_FRAMEWORK_HEADER = YES;
				CLANG_WARN_RANGE_LOOP_ANALYSIS = YES;
				CLANG_WARN_STRICT_PROTOTYPES = YES;
				CLANG_WARN_SUSPICIOUS_MOVE = YES;
				CLANG_WARN_UNGUARDED_AVAILABILITY = YES_AGGRESSIVE;
				CLANG_WARN_UNREACHABLE_CODE = YES;
				CLANG_WARN__DUPLICATE_METHOD_MATCH = YES;
				COPY_PHASE_STRIP = NO;
				DEBUG_INFORMATION_FORMAT = "dwarf-with-dsym";
				ENABLE_NS_ASSERTIONS = NO;
				ENABLE_STRICT_OBJC_MSGSEND = YES;
				ENABLE_USER_SCRIPT_SANDBOXING = YES;
				GCC_C_LANGUAGE_STANDARD = gnu17;
				GCC_NO_COMMON_BLOCKS = YES;
				GCC_WARN_64_TO_32_BIT_CONVERSION = YES;
				GCC_WARN_ABOUT_RETURN_TYPE = YES_ERROR;
				GCC_WARN_UNDECLARED_SELECTOR = YES;
				GCC_WARN_UNINITIALIZED_AUTOS = YES_AGGRESSIVE;
				GCC_WARN_UNUSED_FUNCTION = YES;
				GCC_WARN_UNUSED_VARIABLE = YES;
				IPHONEOS_DEPLOYMENT_TARGET = 18.5;
				LOCALIZATION_PREFERS_STRING_CATALOGS = YES;
				MTL_ENABLE_DEBUG_INFO = NO;
				MTL_FAST_MATH = YES;
				SDKROOT = iphoneos;
				SWIFT_COMPILATION_MODE = wholemodule;
				VALIDATE_PRODUCT = YES;
			};
			name = Release;
		};
		058438DB2EBE14A900331DF1 /* Debug */ = {
			isa = XCBuildConfiguration;
			buildSettings = {
				BUNDLE_LOADER = "$(TEST_HOST)";
				CODE_SIGN_STYLE = Automatic;
				CURRENT_PROJECT_VERSION = 1;
				GENERATE_INFOPLIST_FILE = YES;
				IPHONEOS_DEPLOYMENT_TARGET = 18.5;
				MARKETING_VERSION = 1.0;
				PRODUCT_BUNDLE_IDENTIFIER = LayarTancep.LayarTancepTests;
				PRODUCT_NAME = "$(TARGET_NAME)";
				SWIFT_EMIT_LOC_STRINGS = NO;
				SWIFT_VERSION = 5.0;
				TARGETED_DEVICE_FAMILY = "1,2";
				TEST_HOST = "$(BUILT_PRODUCTS_DIR)/LayarTancep.app/$(BUNDLE_EXECUTABLE_FOLDER_PATH)/LayarTancep";
			};
			name = Debug;
		};
		058438DC2EBE14A900331DF1 /* Release */ = {
			isa = XCBuildConfiguration;
			buildSettings = {
				BUNDLE_LOADER = "$(TEST_HOST)";
				CODE_SIGN_STYLE = Automatic;
				CURRENT_PROJECT_VERSION = 1;
				GENERATE_INFOPLIST_FILE = YES;
				IPHONEOS_DEPLOYMENT_TARGET = 18.5;
				MARKETING_VERSION = 1.0;
				PRODUCT_BUNDLE_IDENTIFIER = LayarTancep.LayarTancepTests;
				PRODUCT_NAME = "$(TARGET_NAME)";
				SWIFT_EMIT_LOC_STRINGS = NO;
				SWIFT_VERSION = 5.0;
				TARGETED_DEVICE_FAMILY = "1,2";
				TEST_HOST = "$(BUILT_PRODUCTS_DIR)/LayarTancep.app/$(BUNDLE_EXECUTABLE_FOLDER_PATH)/LayarTancep";
			};
			name = Release;
		};
		058438DE2EBE14A900331DF1 /* Debug */ = {
			isa = XCBuildConfiguration;
			buildSettings = {
				CODE_SIGN_STYLE = Automatic;
				CURRENT_PROJECT_VERSION = 1;
				GENERATE_INFOPLIST_FILE = YES;
				MARKETING_VERSION = 1.0;
				PRODUCT_BUNDLE_IDENTIFIER = LayarTancep.LayarTancepUITests;
				PRODUCT_NAME = "$(TARGET_NAME)";
				SWIFT_EMIT_LOC_STRINGS = NO;
				SWIFT_VERSION = 5.0;
				TARGETED_DEVICE_FAMILY = "1,2";
				TEST_TARGET_NAME = LayarTancep;
			};
			name = Debug;
		};
		058438DF2EBE14A900331DF1 /* Release */ = {
			isa = XCBuildConfiguration;
			buildSettings = {
				CODE_SIGN_STYLE = Automatic;
				CURRENT_PROJECT_VERSION = 1;
				GENERATE_INFOPLIST_FILE = YES;
				MARKETING_VERSION = 1.0;
				PRODUCT_BUNDLE_IDENTIFIER = LayarTancep.LayarTancepUITests;
				PRODUCT_NAME = "$(TARGET_NAME)";
				SWIFT_EMIT_LOC_STRINGS = NO;
				SWIFT_VERSION = 5.0;
				TARGETED_DEVICE_FAMILY = "1,2";
				TEST_TARGET_NAME = LayarTancep;
			};
			name = Release;
		};
/* End XCBuildConfiguration section */

/* Begin XCConfigurationList section */
		058438A72EBE14A700331DF1 /* Build configuration list for PBXProject "LayarTancep" */ = {
			isa = XCConfigurationList;
			buildConfigurations = (
				058438D82EBE14A900331DF1 /* Debug */,
				058438D92EBE14A900331DF1 /* Release */,
			);
			defaultConfigurationIsVisible = 0;
			defaultConfigurationName = Release;
		};
		058438D52EBE14A900331DF1 /* Build configuration list for PBXNativeTarget "LayarTancep" */ = {
			isa = XCConfigurationList;
			buildConfigurations = (
				058438D62EBE14A900331DF1 /* Debug */,
				058438D72EBE14A900331DF1 /* Release */,
			);
			defaultConfigurationIsVisible = 0;
			defaultConfigurationName = Release;
		};
		058438DA2EBE14A900331DF1 /* Build configuration list for PBXNativeTarget "LayarTancepTests" */ = {
			isa = XCConfigurationList;
			buildConfigurations = (
				058438DB2EBE14A900331DF1 /* Debug */,
				058438DC2EBE14A900331DF1 /* Release */,
			);
			defaultConfigurationIsVisible = 0;
			defaultConfigurationName = Release;
		};
		058438DD2EBE14A900331DF1 /* Build configuration list for PBXNativeTarget "LayarTancepUITests" */ = {
			isa = XCConfigurationList;
			buildConfigurations = (
				058438DE2EBE14A900331DF1 /* Debug */,
				058438DF2EBE14A900331DF1 /* Release */,
			);
			defaultConfigurationIsVisible = 0;
			defaultConfigurationName = Release;
		};
/* End XCConfigurationList section */

/* Begin XCRemoteSwiftPackageReference section */
		058439562EC0CEB600331DF1 /* XCRemoteSwiftPackageReference "Alamofire" */ = {
			isa = XCRemoteSwiftPackageReference;
			repositoryURL = "https://github.com/Alamofire/Alamofire.git";
			requirement = {
				kind = upToNextMajorVersion;
				minimumVersion = 5.10.2;
			};
		};
		058439632EC0E98100331DF1 /* XCRemoteSwiftPackageReference "RxSwift" */ = {
			isa = XCRemoteSwiftPackageReference;
			repositoryURL = "https://github.com/ReactiveX/RxSwift.git";
			requirement = {
				kind = upToNextMajorVersion;
				minimumVersion = 6.9.1;
			};
		};
		0584396A2EC2430200331DF1 /* XCRemoteSwiftPackageReference "SDWebImage" */ = {
			isa = XCRemoteSwiftPackageReference;
			repositoryURL = "https://github.com/SDWebImage/SDWebImage.git";
			requirement = {
				kind = upToNextMajorVersion;
				minimumVersion = 5.21.3;
			};
		};
/* End XCRemoteSwiftPackageReference section */

/* Begin XCSwiftPackageProductDependency section */
		058439572EC0CECB00331DF1 /* Alamofire */ = {
			isa = XCSwiftPackageProductDependency;
			package = 058439562EC0CEB600331DF1 /* XCRemoteSwiftPackageReference "Alamofire" */;
			productName = Alamofire;
		};
		058439642EC0E9A000331DF1 /* RxCocoa */ = {
			isa = XCSwiftPackageProductDependency;
			package = 058439632EC0E98100331DF1 /* XCRemoteSwiftPackageReference "RxSwift" */;
			productName = RxCocoa;
		};
		058439662EC0E9A000331DF1 /* RxRelay */ = {
			isa = XCSwiftPackageProductDependency;
			package = 058439632EC0E98100331DF1 /* XCRemoteSwiftPackageReference "RxSwift" */;
			productName = RxRelay;
		};
		058439682EC0E9A000331DF1 /* RxSwift */ = {
			isa = XCSwiftPackageProductDependency;
			package = 058439632EC0E98100331DF1 /* XCRemoteSwiftPackageReference "RxSwift" */;
			productName = RxSwift;
		};
		0584396B2EC2431B00331DF1 /* SDWebImage */ = {
			isa = XCSwiftPackageProductDependency;
			package = 0584396A2EC2430200331DF1 /* XCRemoteSwiftPackageReference "SDWebImage" */;
			productName = SDWebImage;
		};
/* End XCSwiftPackageProductDependency section */
	};
	rootObject = 058438A42EBE14A700331DF1 /* Project object */;
}
